
Microsoft Visual Studio Solution File, Format Version 12.00
# Visual Studio 2013
VisualStudioVersion = 12.0.30110.0
MinimumVisualStudioVersion = 10.0.40219.1
Project("{FAE04EC0-301F-11D3-BF4B-00C04F79EFBC}") = "2048", "2048\2048.csproj", "{2FE4E633-2FA1-4AE3-B094-2D1328FD26D5}"
EndProject
Project("{FAE04EC0-301F-11D3-BF4B-00C04F79EFBC}") = "WP2048", "WP2048\WP2048.csproj", "{C1545ED9-67E1-4700-AD97-CB02ACBA06BF}"
EndProject
Global
	GlobalSection(SolutionConfigurationPlatforms) = preSolution
		Debug|Any CPU = Debug|Any CPU
		Debug|ARM = Debug|ARM
		Debug|x64 = Debug|x64
		Debug|x86 = Debug|x86
		Release|Any CPU = Release|Any CPU
		Release|ARM = Release|ARM
		Release|x64 = Release|x64
		Release|x86 = Release|x86
	EndGlobalSection
	GlobalSection(ProjectConfigurationPlatforms) = postSolution
		{2FE4E633-2FA1-4AE3-B094-2D1328FD26D5}.Debug|Any CPU.ActiveCfg = Debug|Any CPU
		{2FE4E633-2FA1-4AE3-B094-2D1328FD26D5}.Debug|Any CPU.Build.0 = Debug|Any CPU
		{2FE4E633-2FA1-4AE3-B094-2D1328FD26D5}.Debug|Any CPU.Deploy.0 = Debug|Any CPU
		{2FE4E633-2FA1-4AE3-B094-2D1328FD26D5}.Debug|ARM.ActiveCfg = Debug|ARM
		{2FE4E633-2FA1-4AE3-B094-2D1328FD26D5}.Debug|ARM.Build.0 = Debug|ARM
		{2FE4E633-2FA1-4AE3-B094-2D1328FD26D5}.Debug|ARM.Deploy.0 = Debug|ARM
		{2FE4E633-2FA1-4AE3-B094-2D1328FD26D5}.Debug|x64.ActiveCfg = Debug|x64
		{2FE4E633-2FA1-4AE3-B094-2D1328FD26D5}.Debug|x64.Build.0 = Debug|x64
		{2FE4E633-2FA1-4AE3-B094-2D1328FD26D5}.Debug|x64.Deploy.0 = Debug|x64
		{2FE4E633-2FA1-4AE3-B094-2D1328FD26D5}.Debug|x86.ActiveCfg = Debug|x86
		{2FE4E633-2FA1-4AE3-B094-2D1328FD26D5}.Debug|x86.Build.0 = Debug|x86
		{2FE4E633-2FA1-4AE3-B094-2D1328FD26D5}.Debug|x86.Deploy.0 = Debug|x86
		{2FE4E633-2FA1-4AE3-B094-2D1328FD26D5}.Release|Any CPU.ActiveCfg = Release|Any CPU
		{2FE4E633-2FA1-4AE3-B094-2D1328FD26D5}.Release|Any CPU.Build.0 = Release|Any CPU
		{2FE4E633-2FA1-4AE3-B094-2D1328FD26D5}.Release|Any CPU.Deploy.0 = Release|Any CPU
		{2FE4E633-2FA1-4AE3-B094-2D1328FD26D5}.Release|ARM.ActiveCfg = Release|ARM
		{2FE4E633-2FA1-4AE3-B094-2D1328FD26D5}.Release|ARM.Build.0 = Release|ARM
		{2FE4E633-2FA1-4AE3-B094-2D1328FD26D5}.Release|ARM.Deploy.0 = Release|ARM
		{2FE4E633-2FA1-4AE3-B094-2D1328FD26D5}.Release|x64.ActiveCfg = Release|x64
		{2FE4E633-2FA1-4AE3-B094-2D1328FD26D5}.Release|x64.Build.0 = Release|x64
		{2FE4E633-2FA1-4AE3-B094-2D1328FD26D5}.Release|x64.Deploy.0 = Release|x64
		{2FE4E633-2FA1-4AE3-B094-2D1328FD26D5}.Release|x86.ActiveCfg = Release|x86
		{2FE4E633-2FA1-4AE3-B094-2D1328FD26D5}.Release|x86.Build.0 = Release|x86
		{2FE4E633-2FA1-4AE3-B094-2D1328FD26D5}.Release|x86.Deploy.0 = Release|x86
		{C1545ED9-67E1-4700-AD97-CB02ACBA06BF}.Debug|Any CPU.ActiveCfg = Debug|Any CPU
		{C1545ED9-67E1-4700-AD97-CB02ACBA06BF}.Debug|Any CPU.Build.0 = Debug|Any CPU
		{C1545ED9-67E1-4700-AD97-CB02ACBA06BF}.Debug|Any CPU.Deploy.0 = Debug|Any CPU
		{C1545ED9-67E1-4700-AD97-CB02ACBA06BF}.Debug|ARM.ActiveCfg = Debug|ARM
		{C1545ED9-67E1-4700-AD97-CB02ACBA06BF}.Debug|ARM.Build.0 = Debug|ARM
		{C1545ED9-67E1-4700-AD97-CB02ACBA06BF}.Debug|ARM.Deploy.0 = Debug|ARM
		{C1545ED9-67E1-4700-AD97-CB02ACBA06BF}.Debug|x64.ActiveCfg = Debug|Any CPU
		{C1545ED9-67E1-4700-AD97-CB02ACBA06BF}.Debug|x86.ActiveCfg = Debug|x86
		{C1545ED9-67E1-4700-AD97-CB02ACBA06BF}.Debug|x86.Build.0 = Debug|x86
		{C1545ED9-67E1-4700-AD97-CB02ACBA06BF}.Debug|x86.Deploy.0 = Debug|x86
		{C1545ED9-67E1-4700-AD97-CB02ACBA06BF}.Release|Any CPU.ActiveCfg = Release|Any CPU
		{C1545ED9-67E1-4700-AD97-CB02ACBA06BF}.Release|Any CPU.Build.0 = Release|Any CPU
		{C1545ED9-67E1-4700-AD97-CB02ACBA06BF}.Release|Any CPU.Deploy.0 = Release|Any CPU
		{C1545ED9-67E1-4700-AD97-CB02ACBA06BF}.Release|ARM.ActiveCfg = Release|ARM
		{C1545ED9-67E1-4700-AD97-CB02ACBA06BF}.Release|ARM.Build.0 = Release|ARM
		{C1545ED9-67E1-4700-AD97-CB02ACBA06BF}.Release|ARM.Deploy.0 = Release|ARM
		{C1545ED9-67E1-4700-AD97-CB02ACBA06BF}.Release|x64.ActiveCfg = Release|Any CPU
		{C1545ED9-67E1-4700-AD97-CB02ACBA06BF}.Release|x86.ActiveCfg = Release|x86
		{C1545ED9-67E1-4700-AD97-CB02ACBA06BF}.Release|x86.Build.0 = Release|x86
		{C1545ED9-67E1-4700-AD97-CB02ACBA06BF}.Release|x86.Deploy.0 = Release|x86
	EndGlobalSection
	GlobalSection(SolutionProperties) = preSolution
		HideSolutionNode = FALSE
	EndGlobalSection
EndGlobal
